// !$*UTF8*$!
{
	archiveVersion = 1;
	classes = {
	};
	objectVersion = 50;
	objects = {

/* Begin PBXBuildFile section */
		0599026925A736C100AD9822 /* PlayerConfigurator.swift in Sources */ = {isa = PBXBuildFile; fileRef = 0599026425A736C100AD9822 /* PlayerConfigurator.swift */; };
		0599026A25A736C100AD9822 /* PlayerInteractor.swift in Sources */ = {isa = PBXBuildFile; fileRef = 0599026525A736C100AD9822 /* PlayerInteractor.swift */; };
		0599026B25A736C100AD9822 /* PlayerPresenter.swift in Sources */ = {isa = PBXBuildFile; fileRef = 0599026625A736C100AD9822 /* PlayerPresenter.swift */; };
		0599026C25A736C100AD9822 /* PlayerRouter.swift in Sources */ = {isa = PBXBuildFile; fileRef = 0599026725A736C100AD9822 /* PlayerRouter.swift */; };
		0599026D25A736C100AD9822 /* PlayerViewController.swift in Sources */ = {isa = PBXBuildFile; fileRef = 0599026825A736C100AD9822 /* PlayerViewController.swift */; };
		0599027025A736CB00AD9822 /* Player.storyboard in Resources */ = {isa = PBXBuildFile; fileRef = 0599026F25A736CB00AD9822 /* Player.storyboard */; };
		0599027425A7391700AD9822 /* PlayerViewModel.swift in Sources */ = {isa = PBXBuildFile; fileRef = 0599027325A7391700AD9822 /* PlayerViewModel.swift */; };
		0599028025A7397600AD9822 /* TabBar.storyboard in Resources */ = {isa = PBXBuildFile; fileRef = 0599027B25A7397600AD9822 /* TabBar.storyboard */; };
		0599028125A7397600AD9822 /* TabBarConfigurator.swift in Sources */ = {isa = PBXBuildFile; fileRef = 0599027C25A7397600AD9822 /* TabBarConfigurator.swift */; };
		0599028225A7397600AD9822 /* TabBarInteractor.swift in Sources */ = {isa = PBXBuildFile; fileRef = 0599027D25A7397600AD9822 /* TabBarInteractor.swift */; };
		0599028325A7397600AD9822 /* TabBarPresenter.swift in Sources */ = {isa = PBXBuildFile; fileRef = 0599027E25A7397600AD9822 /* TabBarPresenter.swift */; };
		0599028425A7397600AD9822 /* TabBarViewController.swift in Sources */ = {isa = PBXBuildFile; fileRef = 0599027F25A7397600AD9822 /* TabBarViewController.swift */; };
		0599029125A73D1600AD9822 /* TimerConfigurator.swift in Sources */ = {isa = PBXBuildFile; fileRef = 0599028C25A73D1600AD9822 /* TimerConfigurator.swift */; };
		0599029225A73D1600AD9822 /* TimerInteractor.swift in Sources */ = {isa = PBXBuildFile; fileRef = 0599028D25A73D1600AD9822 /* TimerInteractor.swift */; };
		0599029325A73D1600AD9822 /* TimerPresenter.swift in Sources */ = {isa = PBXBuildFile; fileRef = 0599028E25A73D1600AD9822 /* TimerPresenter.swift */; };
		0599029425A73D1600AD9822 /* TimerRouter.swift in Sources */ = {isa = PBXBuildFile; fileRef = 0599028F25A73D1600AD9822 /* TimerRouter.swift */; };
		0599029525A73D1600AD9822 /* TimerViewController.swift in Sources */ = {isa = PBXBuildFile; fileRef = 0599029025A73D1600AD9822 /* TimerViewController.swift */; };
		0599029825A73D2300AD9822 /* Timer.storyboard in Resources */ = {isa = PBXBuildFile; fileRef = 0599029725A73D2300AD9822 /* Timer.storyboard */; };
		0599029D25A73F1100AD9822 /* TimerViewModel.swift in Sources */ = {isa = PBXBuildFile; fileRef = 0599029C25A73F1100AD9822 /* TimerViewModel.swift */; };
		059902AD25A740FA00AD9822 /* PlaylistConfigurator.swift in Sources */ = {isa = PBXBuildFile; fileRef = 059902A825A740FA00AD9822 /* PlaylistConfigurator.swift */; };
		059902AE25A740FA00AD9822 /* PlaylistInteractor.swift in Sources */ = {isa = PBXBuildFile; fileRef = 059902A925A740FA00AD9822 /* PlaylistInteractor.swift */; };
		059902AF25A740FA00AD9822 /* PlaylistPresenter.swift in Sources */ = {isa = PBXBuildFile; fileRef = 059902AA25A740FA00AD9822 /* PlaylistPresenter.swift */; };
		059902B025A740FA00AD9822 /* PlaylistRouter.swift in Sources */ = {isa = PBXBuildFile; fileRef = 059902AB25A740FA00AD9822 /* PlaylistRouter.swift */; };
		059902B125A740FA00AD9822 /* PlaylistViewController.swift in Sources */ = {isa = PBXBuildFile; fileRef = 059902AC25A740FA00AD9822 /* PlaylistViewController.swift */; };
		059902B425A7410E00AD9822 /* Playlist.storyboard in Resources */ = {isa = PBXBuildFile; fileRef = 059902B325A7410E00AD9822 /* Playlist.storyboard */; };
		059902B925A86A2300AD9822 /* PlaylistViewModel.swift in Sources */ = {isa = PBXBuildFile; fileRef = 059902B825A86A2300AD9822 /* PlaylistViewModel.swift */; };
		059902BE25A86BD000AD9822 /* CurrentSong.swift in Sources */ = {isa = PBXBuildFile; fileRef = 059902BD25A86BD000AD9822 /* CurrentSong.swift */; };
		059902CC25AA08D500AD9822 /* Disko.ttf in Resources */ = {isa = PBXBuildFile; fileRef = 059902CB25AA08D300AD9822 /* Disko.ttf */; };
		05C5B2AB22C91CAF008BEF3D /* AppDelegate.swift in Sources */ = {isa = PBXBuildFile; fileRef = 05C5B2AA22C91CAF008BEF3D /* AppDelegate.swift */; };
		05C5B2B222C91CB0008BEF3D /* Assets.xcassets in Resources */ = {isa = PBXBuildFile; fileRef = 05C5B2B122C91CB0008BEF3D /* Assets.xcassets */; };
		05C5B2B522C91CB0008BEF3D /* LaunchScreen.storyboard in Resources */ = {isa = PBXBuildFile; fileRef = 05C5B2B322C91CB0008BEF3D /* LaunchScreen.storyboard */; };
/* End PBXBuildFile section */

/* Begin PBXFileReference section */
		0599026425A736C100AD9822 /* PlayerConfigurator.swift */ = {isa = PBXFileReference; fileEncoding = 4; lastKnownFileType = sourcecode.swift; path = PlayerConfigurator.swift; sourceTree = "<group>"; };
		0599026525A736C100AD9822 /* PlayerInteractor.swift */ = {isa = PBXFileReference; fileEncoding = 4; lastKnownFileType = sourcecode.swift; path = PlayerInteractor.swift; sourceTree = "<group>"; };
		0599026625A736C100AD9822 /* PlayerPresenter.swift */ = {isa = PBXFileReference; fileEncoding = 4; lastKnownFileType = sourcecode.swift; path = PlayerPresenter.swift; sourceTree = "<group>"; };
		0599026725A736C100AD9822 /* PlayerRouter.swift */ = {isa = PBXFileReference; fileEncoding = 4; lastKnownFileType = sourcecode.swift; path = PlayerRouter.swift; sourceTree = "<group>"; };
		0599026825A736C100AD9822 /* PlayerViewController.swift */ = {isa = PBXFileReference; fileEncoding = 4; lastKnownFileType = sourcecode.swift; path = PlayerViewController.swift; sourceTree = "<group>"; };
		0599026F25A736CB00AD9822 /* Player.storyboard */ = {isa = PBXFileReference; lastKnownFileType = file.storyboard; path = Player.storyboard; sourceTree = "<group>"; };
		0599027325A7391700AD9822 /* PlayerViewModel.swift */ = {isa = PBXFileReference; lastKnownFileType = sourcecode.swift; path = PlayerViewModel.swift; sourceTree = "<group>"; };
		0599027B25A7397600AD9822 /* TabBar.storyboard */ = {isa = PBXFileReference; fileEncoding = 4; lastKnownFileType = file.storyboard; path = TabBar.storyboard; sourceTree = "<group>"; };
		0599027C25A7397600AD9822 /* TabBarConfigurator.swift */ = {isa = PBXFileReference; fileEncoding = 4; lastKnownFileType = sourcecode.swift; path = TabBarConfigurator.swift; sourceTree = "<group>"; };
		0599027D25A7397600AD9822 /* TabBarInteractor.swift */ = {isa = PBXFileReference; fileEncoding = 4; lastKnownFileType = sourcecode.swift; path = TabBarInteractor.swift; sourceTree = "<group>"; };
		0599027E25A7397600AD9822 /* TabBarPresenter.swift */ = {isa = PBXFileReference; fileEncoding = 4; lastKnownFileType = sourcecode.swift; path = TabBarPresenter.swift; sourceTree = "<group>"; };
		0599027F25A7397600AD9822 /* TabBarViewController.swift */ = {isa = PBXFileReference; fileEncoding = 4; lastKnownFileType = sourcecode.swift; path = TabBarViewController.swift; sourceTree = "<group>"; };
		0599028C25A73D1600AD9822 /* TimerConfigurator.swift */ = {isa = PBXFileReference; fileEncoding = 4; lastKnownFileType = sourcecode.swift; path = TimerConfigurator.swift; sourceTree = "<group>"; };
		0599028D25A73D1600AD9822 /* TimerInteractor.swift */ = {isa = PBXFileReference; fileEncoding = 4; lastKnownFileType = sourcecode.swift; path = TimerInteractor.swift; sourceTree = "<group>"; };
		0599028E25A73D1600AD9822 /* TimerPresenter.swift */ = {isa = PBXFileReference; fileEncoding = 4; lastKnownFileType = sourcecode.swift; path = TimerPresenter.swift; sourceTree = "<group>"; };
		0599028F25A73D1600AD9822 /* TimerRouter.swift */ = {isa = PBXFileReference; fileEncoding = 4; lastKnownFileType = sourcecode.swift; path = TimerRouter.swift; sourceTree = "<group>"; };
		0599029025A73D1600AD9822 /* TimerViewController.swift */ = {isa = PBXFileReference; fileEncoding = 4; lastKnownFileType = sourcecode.swift; path = TimerViewController.swift; sourceTree = "<group>"; };
		0599029725A73D2300AD9822 /* Timer.storyboard */ = {isa = PBXFileReference; lastKnownFileType = file.storyboard; path = Timer.storyboard; sourceTree = "<group>"; };
		0599029C25A73F1100AD9822 /* TimerViewModel.swift */ = {isa = PBXFileReference; lastKnownFileType = sourcecode.swift; path = TimerViewModel.swift; sourceTree = "<group>"; };
		059902A825A740FA00AD9822 /* PlaylistConfigurator.swift */ = {isa = PBXFileReference; fileEncoding = 4; lastKnownFileType = sourcecode.swift; path = PlaylistConfigurator.swift; sourceTree = "<group>"; };
		059902A925A740FA00AD9822 /* PlaylistInteractor.swift */ = {isa = PBXFileReference; fileEncoding = 4; lastKnownFileType = sourcecode.swift; path = PlaylistInteractor.swift; sourceTree = "<group>"; };
		059902AA25A740FA00AD9822 /* PlaylistPresenter.swift */ = {isa = PBXFileReference; fileEncoding = 4; lastKnownFileType = sourcecode.swift; path = PlaylistPresenter.swift; sourceTree = "<group>"; };
		059902AB25A740FA00AD9822 /* PlaylistRouter.swift */ = {isa = PBXFileReference; fileEncoding = 4; lastKnownFileType = sourcecode.swift; path = PlaylistRouter.swift; sourceTree = "<group>"; };
		059902AC25A740FA00AD9822 /* PlaylistViewController.swift */ = {isa = PBXFileReference; fileEncoding = 4; lastKnownFileType = sourcecode.swift; path = PlaylistViewController.swift; sourceTree = "<group>"; };
		059902B325A7410E00AD9822 /* Playlist.storyboard */ = {isa = PBXFileReference; lastKnownFileType = file.storyboard; path = Playlist.storyboard; sourceTree = "<group>"; };
		059902B825A86A2300AD9822 /* PlaylistViewModel.swift */ = {isa = PBXFileReference; lastKnownFileType = sourcecode.swift; path = PlaylistViewModel.swift; sourceTree = "<group>"; };
		059902BD25A86BD000AD9822 /* CurrentSong.swift */ = {isa = PBXFileReference; lastKnownFileType = sourcecode.swift; path = CurrentSong.swift; sourceTree = "<group>"; };
		059902CB25AA08D300AD9822 /* Disko.ttf */ = {isa = PBXFileReference; lastKnownFileType = file; path = Disko.ttf; sourceTree = "<group>"; };
		05AE043422C98E2F000DCDB1 /* README.md */ = {isa = PBXFileReference; lastKnownFileType = net.daringfireball.markdown; path = README.md; sourceTree = "<group>"; };
		05C5B2A722C91CAF008BEF3D /* LFHH.app */ = {isa = PBXFileReference; explicitFileType = wrapper.application; includeInIndex = 0; path = LFHH.app; sourceTree = BUILT_PRODUCTS_DIR; };
		05C5B2AA22C91CAF008BEF3D /* AppDelegate.swift */ = {isa = PBXFileReference; lastKnownFileType = sourcecode.swift; path = AppDelegate.swift; sourceTree = "<group>"; };
		05C5B2B122C91CB0008BEF3D /* Assets.xcassets */ = {isa = PBXFileReference; lastKnownFileType = folder.assetcatalog; path = Assets.xcassets; sourceTree = "<group>"; };
		05C5B2B422C91CB0008BEF3D /* Base */ = {isa = PBXFileReference; lastKnownFileType = file.storyboard; name = Base; path = Base.lproj/LaunchScreen.storyboard; sourceTree = "<group>"; };
		05C5B2B622C91CB0008BEF3D /* Info.plist */ = {isa = PBXFileReference; lastKnownFileType = text.plist.xml; path = Info.plist; sourceTree = "<group>"; };
/* End PBXFileReference section */

/* Begin PBXFrameworksBuildPhase section */
		05C5B2A422C91CAF008BEF3D /* Frameworks */ = {
			isa = PBXFrameworksBuildPhase;
			buildActionMask = 2147483647;
			files = (
			);
			runOnlyForDeploymentPostprocessing = 0;
		};
/* End PBXFrameworksBuildPhase section */

/* Begin PBXGroup section */
		0599026325A736C100AD9822 /* PlayerViewController */ = {
			isa = PBXGroup;
			children = (
				0599027625A7391B00AD9822 /* Models */,
				0599026825A736C100AD9822 /* PlayerViewController.swift */,
				0599026625A736C100AD9822 /* PlayerPresenter.swift */,
				0599026525A736C100AD9822 /* PlayerInteractor.swift */,
				0599026725A736C100AD9822 /* PlayerRouter.swift */,
				0599026425A736C100AD9822 /* PlayerConfigurator.swift */,
				0599026F25A736CB00AD9822 /* Player.storyboard */,
			);
			path = PlayerViewController;
			sourceTree = "<group>";
		};
		0599027625A7391B00AD9822 /* Models */ = {
			isa = PBXGroup;
			children = (
				0599027325A7391700AD9822 /* PlayerViewModel.swift */,
				059902BD25A86BD000AD9822 /* CurrentSong.swift */,
			);
			path = Models;
			sourceTree = "<group>";
		};
		0599027A25A7397600AD9822 /* Tabbar */ = {
			isa = PBXGroup;
			children = (
				0599027F25A7397600AD9822 /* TabBarViewController.swift */,
				0599027E25A7397600AD9822 /* TabBarPresenter.swift */,
				0599027D25A7397600AD9822 /* TabBarInteractor.swift */,
				0599027C25A7397600AD9822 /* TabBarConfigurator.swift */,
				0599027B25A7397600AD9822 /* TabBar.storyboard */,
			);
			path = Tabbar;
			sourceTree = "<group>";
		};
		0599028B25A73D1600AD9822 /* Timer */ = {
			isa = PBXGroup;
			children = (
				0599029F25A73F4A00AD9822 /* Models */,
				0599029025A73D1600AD9822 /* TimerViewController.swift */,
				0599028E25A73D1600AD9822 /* TimerPresenter.swift */,
				0599028D25A73D1600AD9822 /* TimerInteractor.swift */,
				0599028F25A73D1600AD9822 /* TimerRouter.swift */,
				0599028C25A73D1600AD9822 /* TimerConfigurator.swift */,
				0599029725A73D2300AD9822 /* Timer.storyboard */,
			);
			path = Timer;
			sourceTree = "<group>";
		};
		0599029F25A73F4A00AD9822 /* Models */ = {
			isa = PBXGroup;
			children = (
				0599029C25A73F1100AD9822 /* TimerViewModel.swift */,
			);
			path = Models;
			sourceTree = "<group>";
		};
		059902A725A740FA00AD9822 /* Playlist */ = {
			isa = PBXGroup;
			children = (
				059902BB25A86A2D00AD9822 /* Models */,
				059902AC25A740FA00AD9822 /* PlaylistViewController.swift */,
				059902AA25A740FA00AD9822 /* PlaylistPresenter.swift */,
				059902A925A740FA00AD9822 /* PlaylistInteractor.swift */,
				059902AB25A740FA00AD9822 /* PlaylistRouter.swift */,
				059902A825A740FA00AD9822 /* PlaylistConfigurator.swift */,
				059902B325A7410E00AD9822 /* Playlist.storyboard */,
			);
			path = Playlist;
			sourceTree = "<group>";
		};
		059902BB25A86A2D00AD9822 /* Models */ = {
			isa = PBXGroup;
			children = (
				059902B825A86A2300AD9822 /* PlaylistViewModel.swift */,
			);
			path = Models;
			sourceTree = "<group>";
		};
		059902C025A8BA9D00AD9822 /* Modules */ = {
			isa = PBXGroup;
			children = (
				0599027A25A7397600AD9822 /* Tabbar */,
				0599026325A736C100AD9822 /* PlayerViewController */,
				0599028B25A73D1600AD9822 /* Timer */,
				059902A725A740FA00AD9822 /* Playlist */,
			);
			path = Modules;
			sourceTree = "<group>";
		};
		059902C525AA03AD00AD9822 /* Fonts */ = {
			isa = PBXGroup;
			children = (
				059902CB25AA08D300AD9822 /* Disko.ttf */,
			);
			path = Fonts;
			sourceTree = "<group>";
		};
		059902CF25AA10FA00AD9822 /* Application */ = {
			isa = PBXGroup;
			children = (
				05C5B2AA22C91CAF008BEF3D /* AppDelegate.swift */,
				05C5B2B122C91CB0008BEF3D /* Assets.xcassets */,
				059902C525AA03AD00AD9822 /* Fonts */,
				05C5B2B322C91CB0008BEF3D /* LaunchScreen.storyboard */,
				05C5B2B622C91CB0008BEF3D /* Info.plist */,
			);
			path = Application;
			sourceTree = "<group>";
		};
		05C5B29E22C91CAF008BEF3D = {
			isa = PBXGroup;
			children = (
				05C5B2A922C91CAF008BEF3D /* LFHH */,
				05C5B2A822C91CAF008BEF3D /* Products */,
				05AE043422C98E2F000DCDB1 /* README.md */,
			);
			sourceTree = "<group>";
		};
		05C5B2A822C91CAF008BEF3D /* Products */ = {
			isa = PBXGroup;
			children = (
				05C5B2A722C91CAF008BEF3D /* LFHH.app */,
			);
			name = Products;
			sourceTree = "<group>";
		};
		05C5B2A922C91CAF008BEF3D /* LFHH */ = {
			isa = PBXGroup;
			children = (
				059902C025A8BA9D00AD9822 /* Modules */,
				059902CF25AA10FA00AD9822 /* Application */,
			);
			path = LFHH;
			sourceTree = "<group>";
		};
/* End PBXGroup section */

/* Begin PBXNativeTarget section */
		05C5B2A622C91CAF008BEF3D /* LFHH */ = {
			isa = PBXNativeTarget;
			buildConfigurationList = 05C5B2B922C91CB0008BEF3D /* Build configuration list for PBXNativeTarget "LFHH" */;
			buildPhases = (
				05C5B2A322C91CAF008BEF3D /* Sources */,
				05C5B2A422C91CAF008BEF3D /* Frameworks */,
				05C5B2A522C91CAF008BEF3D /* Resources */,
			);
			buildRules = (
			);
			dependencies = (
			);
			name = LFHH;
			productName = LFHH;
			productReference = 05C5B2A722C91CAF008BEF3D /* LFHH.app */;
			productType = "com.apple.product-type.application";
		};
/* End PBXNativeTarget section */

/* Begin PBXProject section */
		05C5B29F22C91CAF008BEF3D /* Project object */ = {
			isa = PBXProject;
			attributes = {
				LastSwiftUpdateCheck = 1020;
				LastUpgradeCheck = 1020;
				ORGANIZATIONNAME = "Viktor Gordienko";
				TargetAttributes = {
					05C5B2A622C91CAF008BEF3D = {
						CreatedOnToolsVersion = 10.2.1;
						SystemCapabilities = {
							com.apple.BackgroundModes = {
								enabled = 1;
							};
						};
					};
				};
			};
			buildConfigurationList = 05C5B2A222C91CAF008BEF3D /* Build configuration list for PBXProject "LFHH" */;
			compatibilityVersion = "Xcode 9.3";
			developmentRegion = en;
			hasScannedForEncodings = 0;
			knownRegions = (
				en,
				Base,
			);
			mainGroup = 05C5B29E22C91CAF008BEF3D;
			productRefGroup = 05C5B2A822C91CAF008BEF3D /* Products */;
			projectDirPath = "";
			projectRoot = "";
			targets = (
				05C5B2A622C91CAF008BEF3D /* LFHH */,
			);
		};
/* End PBXProject section */

/* Begin PBXResourcesBuildPhase section */
		05C5B2A522C91CAF008BEF3D /* Resources */ = {
			isa = PBXResourcesBuildPhase;
			buildActionMask = 2147483647;
			files = (
				0599028025A7397600AD9822 /* TabBar.storyboard in Resources */,
				059902CC25AA08D500AD9822 /* Disko.ttf in Resources */,
				059902B425A7410E00AD9822 /* Playlist.storyboard in Resources */,
				05C5B2B522C91CB0008BEF3D /* LaunchScreen.storyboard in Resources */,
				0599027025A736CB00AD9822 /* Player.storyboard in Resources */,
				05C5B2B222C91CB0008BEF3D /* Assets.xcassets in Resources */,
				0599029825A73D2300AD9822 /* Timer.storyboard in Resources */,
			);
			runOnlyForDeploymentPostprocessing = 0;
		};
/* End PBXResourcesBuildPhase section */

/* Begin PBXSourcesBuildPhase section */
		05C5B2A322C91CAF008BEF3D /* Sources */ = {
			isa = PBXSourcesBuildPhase;
			buildActionMask = 2147483647;
			files = (
				0599029525A73D1600AD9822 /* TimerViewController.swift in Sources */,
				0599029325A73D1600AD9822 /* TimerPresenter.swift in Sources */,
				0599026A25A736C100AD9822 /* PlayerInteractor.swift in Sources */,
				059902AF25A740FA00AD9822 /* PlaylistPresenter.swift in Sources */,
				0599026B25A736C100AD9822 /* PlayerPresenter.swift in Sources */,
				0599026925A736C100AD9822 /* PlayerConfigurator.swift in Sources */,
				059902BE25A86BD000AD9822 /* CurrentSong.swift in Sources */,
				0599028425A7397600AD9822 /* TabBarViewController.swift in Sources */,
				059902AE25A740FA00AD9822 /* PlaylistInteractor.swift in Sources */,
				059902B025A740FA00AD9822 /* PlaylistRouter.swift in Sources */,
				0599028225A7397600AD9822 /* TabBarInteractor.swift in Sources */,
				0599027425A7391700AD9822 /* PlayerViewModel.swift in Sources */,
				0599028125A7397600AD9822 /* TabBarConfigurator.swift in Sources */,
				0599029225A73D1600AD9822 /* TimerInteractor.swift in Sources */,
				0599029125A73D1600AD9822 /* TimerConfigurator.swift in Sources */,
				05C5B2AB22C91CAF008BEF3D /* AppDelegate.swift in Sources */,
				0599028325A7397600AD9822 /* TabBarPresenter.swift in Sources */,
				059902B925A86A2300AD9822 /* PlaylistViewModel.swift in Sources */,
				0599026C25A736C100AD9822 /* PlayerRouter.swift in Sources */,
				059902AD25A740FA00AD9822 /* PlaylistConfigurator.swift in Sources */,
				059902B125A740FA00AD9822 /* PlaylistViewController.swift in Sources */,
				0599029425A73D1600AD9822 /* TimerRouter.swift in Sources */,
				0599026D25A736C100AD9822 /* PlayerViewController.swift in Sources */,
				0599029D25A73F1100AD9822 /* TimerViewModel.swift in Sources */,
			);
			runOnlyForDeploymentPostprocessing = 0;
		};
/* End PBXSourcesBuildPhase section */

/* Begin PBXVariantGroup section */
		05C5B2B322C91CB0008BEF3D /* LaunchScreen.storyboard */ = {
			isa = PBXVariantGroup;
			children = (
				05C5B2B422C91CB0008BEF3D /* Base */,
			);
			name = LaunchScreen.storyboard;
			sourceTree = "<group>";
		};
/* End PBXVariantGroup section */

/* Begin XCBuildConfiguration section */
		05C5B2B722C91CB0008BEF3D /* Debug */ = {
			isa = XCBuildConfiguration;
			buildSettings = {
				ALWAYS_SEARCH_USER_PATHS = NO;
				CLANG_ANALYZER_NONNULL = YES;
				CLANG_ANALYZER_NUMBER_OBJECT_CONVERSION = YES_AGGRESSIVE;
				CLANG_CXX_LANGUAGE_STANDARD = "gnu++14";
				CLANG_CXX_LIBRARY = "libc++";
				CLANG_ENABLE_MODULES = YES;
				CLANG_ENABLE_OBJC_ARC = YES;
				CLANG_ENABLE_OBJC_WEAK = YES;
				CLANG_WARN_BLOCK_CAPTURE_AUTORELEASING = YES;
				CLANG_WARN_BOOL_CONVERSION = YES;
				CLANG_WARN_COMMA = YES;
				CLANG_WARN_CONSTANT_CONVERSION = YES;
				CLANG_WARN_DEPRECATED_OBJC_IMPLEMENTATIONS = YES;
				CLANG_WARN_DIRECT_OBJC_ISA_USAGE = YES_ERROR;
				CLANG_WARN_DOCUMENTATION_COMMENTS = YES;
				CLANG_WARN_EMPTY_BODY = YES;
				CLANG_WARN_ENUM_CONVERSION = YES;
				CLANG_WARN_INFINITE_RECURSION = YES;
				CLANG_WARN_INT_CONVERSION = YES;
				CLANG_WARN_NON_LITERAL_NULL_CONVERSION = YES;
				CLANG_WARN_OBJC_IMPLICIT_RETAIN_SELF = YES;
				CLANG_WARN_OBJC_LITERAL_CONVERSION = YES;
				CLANG_WARN_OBJC_ROOT_CLASS = YES_ERROR;
				CLANG_WARN_RANGE_LOOP_ANALYSIS = YES;
				CLANG_WARN_STRICT_PROTOTYPES = YES;
				CLANG_WARN_SUSPICIOUS_MOVE = YES;
				CLANG_WARN_UNGUARDED_AVAILABILITY = YES_AGGRESSIVE;
				CLANG_WARN_UNREACHABLE_CODE = YES;
				CLANG_WARN__DUPLICATE_METHOD_MATCH = YES;
				CODE_SIGN_IDENTITY = "iPhone Developer";
				COPY_PHASE_STRIP = NO;
				DEBUG_INFORMATION_FORMAT = dwarf;
				ENABLE_STRICT_OBJC_MSGSEND = YES;
				ENABLE_TESTABILITY = YES;
				GCC_C_LANGUAGE_STANDARD = gnu11;
				GCC_DYNAMIC_NO_PIC = NO;
				GCC_NO_COMMON_BLOCKS = YES;
				GCC_OPTIMIZATION_LEVEL = 0;
				GCC_PREPROCESSOR_DEFINITIONS = (
					"DEBUG=1",
					"$(inherited)",
				);
				GCC_WARN_64_TO_32_BIT_CONVERSION = YES;
				GCC_WARN_ABOUT_RETURN_TYPE = YES_ERROR;
				GCC_WARN_UNDECLARED_SELECTOR = YES;
				GCC_WARN_UNINITIALIZED_AUTOS = YES_AGGRESSIVE;
				GCC_WARN_UNUSED_FUNCTION = YES;
				GCC_WARN_UNUSED_VARIABLE = YES;
				IPHONEOS_DEPLOYMENT_TARGET = 12.2;
				MTL_ENABLE_DEBUG_INFO = INCLUDE_SOURCE;
				MTL_FAST_MATH = YES;
				ONLY_ACTIVE_ARCH = YES;
				SDKROOT = iphoneos;
				SWIFT_ACTIVE_COMPILATION_CONDITIONS = DEBUG;
				SWIFT_OPTIMIZATION_LEVEL = "-Onone";
			};
			name = Debug;
		};
		05C5B2B822C91CB0008BEF3D /* Release */ = {
			isa = XCBuildConfiguration;
			buildSettings = {
				ALWAYS_SEARCH_USER_PATHS = NO;
				CLANG_ANALYZER_NONNULL = YES;
				CLANG_ANALYZER_NUMBER_OBJECT_CONVERSION = YES_AGGRESSIVE;
				CLANG_CXX_LANGUAGE_STANDARD = "gnu++14";
				CLANG_CXX_LIBRARY = "libc++";
				CLANG_ENABLE_MODULES = YES;
				CLANG_ENABLE_OBJC_ARC = YES;
				CLANG_ENABLE_OBJC_WEAK = YES;
				CLANG_WARN_BLOCK_CAPTURE_AUTORELEASING = YES;
				CLANG_WARN_BOOL_CONVERSION = YES;
				CLANG_WARN_COMMA = YES;
				CLANG_WARN_CONSTANT_CONVERSION = YES;
				CLANG_WARN_DEPRECATED_OBJC_IMPLEMENTATIONS = YES;
				CLANG_WARN_DIRECT_OBJC_ISA_USAGE = YES_ERROR;
				CLANG_WARN_DOCUMENTATION_COMMENTS = YES;
				CLANG_WARN_EMPTY_BODY = YES;
				CLANG_WARN_ENUM_CONVERSION = YES;
				CLANG_WARN_INFINITE_RECURSION = YES;
				CLANG_WARN_INT_CONVERSION = YES;
				CLANG_WARN_NON_LITERAL_NULL_CONVERSION = YES;
				CLANG_WARN_OBJC_IMPLICIT_RETAIN_SELF = YES;
				CLANG_WARN_OBJC_LITERAL_CONVERSION = YES;
				CLANG_WARN_OBJC_ROOT_CLASS = YES_ERROR;
				CLANG_WARN_RANGE_LOOP_ANALYSIS = YES;
				CLANG_WARN_STRICT_PROTOTYPES = YES;
				CLANG_WARN_SUSPICIOUS_MOVE = YES;
				CLANG_WARN_UNGUARDED_AVAILABILITY = YES_AGGRESSIVE;
				CLANG_WARN_UNREACHABLE_CODE = YES;
				CLANG_WARN__DUPLICATE_METHOD_MATCH = YES;
				CODE_SIGN_IDENTITY = "iPhone Developer";
				COPY_PHASE_STRIP = NO;
				DEBUG_INFORMATION_FORMAT = "dwarf-with-dsym";
				ENABLE_NS_ASSERTIONS = NO;
				ENABLE_STRICT_OBJC_MSGSEND = YES;
				GCC_C_LANGUAGE_STANDARD = gnu11;
				GCC_NO_COMMON_BLOCKS = YES;
				GCC_WARN_64_TO_32_BIT_CONVERSION = YES;
				GCC_WARN_ABOUT_RETURN_TYPE = YES_ERROR;
				GCC_WARN_UNDECLARED_SELECTOR = YES;
				GCC_WARN_UNINITIALIZED_AUTOS = YES_AGGRESSIVE;
				GCC_WARN_UNUSED_FUNCTION = YES;
				GCC_WARN_UNUSED_VARIABLE = YES;
				IPHONEOS_DEPLOYMENT_TARGET = 12.2;
				MTL_ENABLE_DEBUG_INFO = NO;
				MTL_FAST_MATH = YES;
				SDKROOT = iphoneos;
				SWIFT_COMPILATION_MODE = wholemodule;
				SWIFT_OPTIMIZATION_LEVEL = "-O";
				VALIDATE_PRODUCT = YES;
			};
			name = Release;
		};
		05C5B2BA22C91CB0008BEF3D /* Debug */ = {
			isa = XCBuildConfiguration;
			buildSettings = {
				ASSETCATALOG_COMPILER_APPICON_NAME = AppIcon;
				CODE_SIGN_STYLE = Automatic;
				DEVELOPMENT_TEAM = J349HN2J4J;
				INFOPLIST_FILE = LFHH/Application/Info.plist;
				LD_RUNPATH_SEARCH_PATHS = (
					"$(inherited)",
					"@executable_path/Frameworks",
				);
				PRODUCT_BUNDLE_IDENTIFIER = com.viktorgordienko.LFHH;
				PRODUCT_NAME = "$(TARGET_NAME)";
				SWIFT_VERSION = 5.0;
				TARGETED_DEVICE_FAMILY = "1,2";
			};
			name = Debug;
		};
		05C5B2BB22C91CB0008BEF3D /* Release */ = {
			isa = XCBuildConfiguration;
			buildSettings = {
				ASSETCATALOG_COMPILER_APPICON_NAME = AppIcon;
				CODE_SIGN_STYLE = Automatic;
				DEVELOPMENT_TEAM = J349HN2J4J;
				INFOPLIST_FILE = LFHH/Application/Info.plist;
				LD_RUNPATH_SEARCH_PATHS = (
					"$(inherited)",
					"@executable_path/Frameworks",
				);
				PRODUCT_BUNDLE_IDENTIFIER = com.viktorgordienko.LFHH;
				PRODUCT_NAME = "$(TARGET_NAME)";
				SWIFT_VERSION = 5.0;
				TARGETED_DEVICE_FAMILY = "1,2";
			};
			name = Release;
		};
/* End XCBuildConfiguration section */

/* Begin XCConfigurationList section */
		05C5B2A222C91CAF008BEF3D /* Build configuration list for PBXProject "LFHH" */ = {
			isa = XCConfigurationList;
			buildConfigurations = (
				05C5B2B722C91CB0008BEF3D /* Debug */,
				05C5B2B822C91CB0008BEF3D /* Release */,
			);
			defaultConfigurationIsVisible = 0;
			defaultConfigurationName = Release;
		};
		05C5B2B922C91CB0008BEF3D /* Build configuration list for PBXNativeTarget "LFHH" */ = {
			isa = XCConfigurationList;
			buildConfigurations = (
				05C5B2BA22C91CB0008BEF3D /* Debug */,
				05C5B2BB22C91CB0008BEF3D /* Release */,
			);
			defaultConfigurationIsVisible = 0;
			defaultConfigurationName = Release;
		};
/* End XCConfigurationList section */
	};
	rootObject = 05C5B29F22C91CAF008BEF3D /* Project object */;
}
