// !$*UTF8*$!
{
	archiveVersion = 1;
	classes = {
	};
	objectVersion = 50;
	objects = {

/* Begin PBXBuildFile section */
		05A6A0C122E784AB00DB5631 /* TableViewController.swift in Sources */ = {isa = PBXBuildFile; fileRef = 05A6A0C022E784AB00DB5631 /* TableViewController.swift */; };
		05C15207235E09BE0053CD49 /* MainViewInteractor.swift in Sources */ = {isa = PBXBuildFile; fileRef = 05C15206235E09BE0053CD49 /* MainViewInteractor.swift */; };
		05C15209235E09C70053CD49 /* MainViewPresenter.swift in Sources */ = {isa = PBXBuildFile; fileRef = 05C15208235E09C70053CD49 /* MainViewPresenter.swift */; };
		05C5B2AB22C91CAF008BEF3D /* AppDelegate.swift in Sources */ = {isa = PBXBuildFile; fileRef = 05C5B2AA22C91CAF008BEF3D /* AppDelegate.swift */; };
		05C5B2AD22C91CAF008BEF3D /* ViewController.swift in Sources */ = {isa = PBXBuildFile; fileRef = 05C5B2AC22C91CAF008BEF3D /* ViewController.swift */; };
		05C5B2B022C91CAF008BEF3D /* Main.storyboard in Resources */ = {isa = PBXBuildFile; fileRef = 05C5B2AE22C91CAF008BEF3D /* Main.storyboard */; };
		05C5B2B222C91CB0008BEF3D /* Assets.xcassets in Resources */ = {isa = PBXBuildFile; fileRef = 05C5B2B122C91CB0008BEF3D /* Assets.xcassets */; };
		05C5B2B522C91CB0008BEF3D /* LaunchScreen.storyboard in Resources */ = {isa = PBXBuildFile; fileRef = 05C5B2B322C91CB0008BEF3D /* LaunchScreen.storyboard */; };
		05E6E4DD230327DD001B7812 /* TimerViewController.swift in Sources */ = {isa = PBXBuildFile; fileRef = 05E6E4DC230327DD001B7812 /* TimerViewController.swift */; };
		05F2445023621F6300E66DCF /* TimerInteractor.swift in Sources */ = {isa = PBXBuildFile; fileRef = 05F2444F23621F6300E66DCF /* TimerInteractor.swift */; };
		05F2445223621F6D00E66DCF /* TimerPresenter.swift in Sources */ = {isa = PBXBuildFile; fileRef = 05F2445123621F6D00E66DCF /* TimerPresenter.swift */; };
		05F244552365D40800E66DCF /* PlaylistInteractor.swift in Sources */ = {isa = PBXBuildFile; fileRef = 05F244542365D40800E66DCF /* PlaylistInteractor.swift */; };
		05F244572365D41D00E66DCF /* PlaylistPresenter.swift in Sources */ = {isa = PBXBuildFile; fileRef = 05F244562365D41D00E66DCF /* PlaylistPresenter.swift */; };
/* End PBXBuildFile section */

/* Begin PBXFileReference section */
		05A6A0C022E784AB00DB5631 /* TableViewController.swift */ = {isa = PBXFileReference; lastKnownFileType = sourcecode.swift; path = TableViewController.swift; sourceTree = "<group>"; };
		05AE043422C98E2F000DCDB1 /* README.md */ = {isa = PBXFileReference; lastKnownFileType = net.daringfireball.markdown; path = README.md; sourceTree = "<group>"; };
		05C15206235E09BE0053CD49 /* MainViewInteractor.swift */ = {isa = PBXFileReference; lastKnownFileType = sourcecode.swift; path = MainViewInteractor.swift; sourceTree = "<group>"; };
		05C15208235E09C70053CD49 /* MainViewPresenter.swift */ = {isa = PBXFileReference; lastKnownFileType = sourcecode.swift; path = MainViewPresenter.swift; sourceTree = "<group>"; };
		05C5B2A722C91CAF008BEF3D /* LFHH.app */ = {isa = PBXFileReference; explicitFileType = wrapper.application; includeInIndex = 0; path = LFHH.app; sourceTree = BUILT_PRODUCTS_DIR; };
		05C5B2AA22C91CAF008BEF3D /* AppDelegate.swift */ = {isa = PBXFileReference; lastKnownFileType = sourcecode.swift; path = AppDelegate.swift; sourceTree = "<group>"; };
		05C5B2AC22C91CAF008BEF3D /* ViewController.swift */ = {isa = PBXFileReference; lastKnownFileType = sourcecode.swift; path = ViewController.swift; sourceTree = "<group>"; };
		05C5B2AF22C91CAF008BEF3D /* Base */ = {isa = PBXFileReference; lastKnownFileType = file.storyboard; name = Base; path = Base.lproj/Main.storyboard; sourceTree = "<group>"; };
		05C5B2B122C91CB0008BEF3D /* Assets.xcassets */ = {isa = PBXFileReference; lastKnownFileType = folder.assetcatalog; path = Assets.xcassets; sourceTree = "<group>"; };
		05C5B2B422C91CB0008BEF3D /* Base */ = {isa = PBXFileReference; lastKnownFileType = file.storyboard; name = Base; path = Base.lproj/LaunchScreen.storyboard; sourceTree = "<group>"; };
		05C5B2B622C91CB0008BEF3D /* Info.plist */ = {isa = PBXFileReference; lastKnownFileType = text.plist.xml; path = Info.plist; sourceTree = "<group>"; };
		05E6E4DC230327DD001B7812 /* TimerViewController.swift */ = {isa = PBXFileReference; lastKnownFileType = sourcecode.swift; path = TimerViewController.swift; sourceTree = "<group>"; };
		05F2444F23621F6300E66DCF /* TimerInteractor.swift */ = {isa = PBXFileReference; lastKnownFileType = sourcecode.swift; path = TimerInteractor.swift; sourceTree = "<group>"; };
		05F2445123621F6D00E66DCF /* TimerPresenter.swift */ = {isa = PBXFileReference; lastKnownFileType = sourcecode.swift; path = TimerPresenter.swift; sourceTree = "<group>"; };
		05F244542365D40800E66DCF /* PlaylistInteractor.swift */ = {isa = PBXFileReference; lastKnownFileType = sourcecode.swift; path = PlaylistInteractor.swift; sourceTree = "<group>"; };
		05F244562365D41D00E66DCF /* PlaylistPresenter.swift */ = {isa = PBXFileReference; lastKnownFileType = sourcecode.swift; path = PlaylistPresenter.swift; sourceTree = "<group>"; };
/* End PBXFileReference section */

/* Begin PBXFrameworksBuildPhase section */
		05C5B2A422C91CAF008BEF3D /* Frameworks */ = {
			isa = PBXFrameworksBuildPhase;
			buildActionMask = 2147483647;
			files = (
			);
			runOnlyForDeploymentPostprocessing = 0;
		};
/* End PBXFrameworksBuildPhase section */

/* Begin PBXGroup section */
		05C15205235E09A50053CD49 /* MainView */ = {
			isa = PBXGroup;
			children = (
				05C5B2AC22C91CAF008BEF3D /* ViewController.swift */,
				05C15206235E09BE0053CD49 /* MainViewInteractor.swift */,
				05C15208235E09C70053CD49 /* MainViewPresenter.swift */,
			);
			path = MainView;
			sourceTree = "<group>";
		};
		05C5B29E22C91CAF008BEF3D = {
			isa = PBXGroup;
			children = (
				05C5B2A922C91CAF008BEF3D /* LFHH */,
				05C5B2A822C91CAF008BEF3D /* Products */,
				05AE043422C98E2F000DCDB1 /* README.md */,
			);
			sourceTree = "<group>";
		};
		05C5B2A822C91CAF008BEF3D /* Products */ = {
			isa = PBXGroup;
			children = (
				05C5B2A722C91CAF008BEF3D /* LFHH.app */,
			);
			name = Products;
			sourceTree = "<group>";
		};
		05C5B2A922C91CAF008BEF3D /* LFHH */ = {
			isa = PBXGroup;
			children = (
				05C5B2AA22C91CAF008BEF3D /* AppDelegate.swift */,
				05C15205235E09A50053CD49 /* MainView */,
				05F2444A23621F2600E66DCF /* TimerController */,
				05F244532365D3D800E66DCF /* PlaylistController */,
				05C5B2B122C91CB0008BEF3D /* Assets.xcassets */,
				05C5B2AE22C91CAF008BEF3D /* Main.storyboard */,
				05C5B2B322C91CB0008BEF3D /* LaunchScreen.storyboard */,
				05C5B2B622C91CB0008BEF3D /* Info.plist */,
			);
			path = LFHH;
			sourceTree = "<group>";
		};
		05F2444A23621F2600E66DCF /* TimerController */ = {
			isa = PBXGroup;
			children = (
				05E6E4DC230327DD001B7812 /* TimerViewController.swift */,
				05F2444F23621F6300E66DCF /* TimerInteractor.swift */,
				05F2445123621F6D00E66DCF /* TimerPresenter.swift */,
			);
			path = TimerController;
			sourceTree = "<group>";
		};
		05F244532365D3D800E66DCF /* PlaylistController */ = {
			isa = PBXGroup;
			children = (
				05A6A0C022E784AB00DB5631 /* TableViewController.swift */,
				05F244542365D40800E66DCF /* PlaylistInteractor.swift */,
				05F244562365D41D00E66DCF /* PlaylistPresenter.swift */,
			);
			path = PlaylistController;
			sourceTree = "<group>";
		};
/* End PBXGroup section */

/* Begin PBXNativeTarget section */
		05C5B2A622C91CAF008BEF3D /* LFHH */ = {
			isa = PBXNativeTarget;
			buildConfigurationList = 05C5B2B922C91CB0008BEF3D /* Build configuration list for PBXNativeTarget "LFHH" */;
			buildPhases = (
				05C5B2A322C91CAF008BEF3D /* Sources */,
				05C5B2A422C91CAF008BEF3D /* Frameworks */,
				05C5B2A522C91CAF008BEF3D /* Resources */,
			);
			buildRules = (
			);
			dependencies = (
			);
			name = LFHH;
			productName = LFHH;
			productReference = 05C5B2A722C91CAF008BEF3D /* LFHH.app */;
			productType = "com.apple.product-type.application";
		};
/* End PBXNativeTarget section */

/* Begin PBXProject section */
		05C5B29F22C91CAF008BEF3D /* Project object */ = {
			isa = PBXProject;
			attributes = {
				LastSwiftUpdateCheck = 1020;
				LastUpgradeCheck = 1020;
				ORGANIZATIONNAME = "Viktor Gordienko";
				TargetAttributes = {
					05C5B2A622C91CAF008BEF3D = {
						CreatedOnToolsVersion = 10.2.1;
						SystemCapabilities = {
							com.apple.BackgroundModes = {
								enabled = 1;
							};
						};
					};
				};
			};
			buildConfigurationList = 05C5B2A222C91CAF008BEF3D /* Build configuration list for PBXProject "LFHH" */;
			compatibilityVersion = "Xcode 9.3";
			developmentRegion = en;
			hasScannedForEncodings = 0;
			knownRegions = (
				en,
				Base,
			);
			mainGroup = 05C5B29E22C91CAF008BEF3D;
			productRefGroup = 05C5B2A822C91CAF008BEF3D /* Products */;
			projectDirPath = "";
			projectRoot = "";
			targets = (
				05C5B2A622C91CAF008BEF3D /* LFHH */,
			);
		};
/* End PBXProject section */

/* Begin PBXResourcesBuildPhase section */
		05C5B2A522C91CAF008BEF3D /* Resources */ = {
			isa = PBXResourcesBuildPhase;
			buildActionMask = 2147483647;
			files = (
				05C5B2B522C91CB0008BEF3D /* LaunchScreen.storyboard in Resources */,
				05C5B2B222C91CB0008BEF3D /* Assets.xcassets in Resources */,
				05C5B2B022C91CAF008BEF3D /* Main.storyboard in Resources */,
			);
			runOnlyForDeploymentPostprocessing = 0;
		};
/* End PBXResourcesBuildPhase section */

/* Begin PBXSourcesBuildPhase section */
		05C5B2A322C91CAF008BEF3D /* Sources */ = {
			isa = PBXSourcesBuildPhase;
			buildActionMask = 2147483647;
			files = (
				05F244572365D41D00E66DCF /* PlaylistPresenter.swift in Sources */,
				05F244552365D40800E66DCF /* PlaylistInteractor.swift in Sources */,
				05F2445223621F6D00E66DCF /* TimerPresenter.swift in Sources */,
				05F2445023621F6300E66DCF /* TimerInteractor.swift in Sources */,
				05C15207235E09BE0053CD49 /* MainViewInteractor.swift in Sources */,
				05E6E4DD230327DD001B7812 /* TimerViewController.swift in Sources */,
				05C15209235E09C70053CD49 /* MainViewPresenter.swift in Sources */,
				05C5B2AD22C91CAF008BEF3D /* ViewController.swift in Sources */,
				05A6A0C122E784AB00DB5631 /* TableViewController.swift in Sources */,
				05C5B2AB22C91CAF008BEF3D /* AppDelegate.swift in Sources */,
			);
			runOnlyForDeploymentPostprocessing = 0;
		};
/* End PBXSourcesBuildPhase section */

/* Begin PBXVariantGroup section */
		05C5B2AE22C91CAF008BEF3D /* Main.storyboard */ = {
			isa = PBXVariantGroup;
			children = (
				05C5B2AF22C91CAF008BEF3D /* Base */,
			);
			name = Main.storyboard;
			sourceTree = "<group>";
		};
		05C5B2B322C91CB0008BEF3D /* LaunchScreen.storyboard */ = {
			isa = PBXVariantGroup;
			children = (
				05C5B2B422C91CB0008BEF3D /* Base */,
			);
			name = LaunchScreen.storyboard;
			sourceTree = "<group>";
		};
/* End PBXVariantGroup section */

/* Begin XCBuildConfiguration section */
		05C5B2B722C91CB0008BEF3D /* Debug */ = {
			isa = XCBuildConfiguration;
			buildSettings = {
				ALWAYS_SEARCH_USER_PATHS = NO;
				CLANG_ANALYZER_NONNULL = YES;
				CLANG_ANALYZER_NUMBER_OBJECT_CONVERSION = YES_AGGRESSIVE;
				CLANG_CXX_LANGUAGE_STANDARD = "gnu++14";
				CLANG_CXX_LIBRARY = "libc++";
				CLANG_ENABLE_MODULES = YES;
				CLANG_ENABLE_OBJC_ARC = YES;
				CLANG_ENABLE_OBJC_WEAK = YES;
				CLANG_WARN_BLOCK_CAPTURE_AUTORELEASING = YES;
				CLANG_WARN_BOOL_CONVERSION = YES;
				CLANG_WARN_COMMA = YES;
				CLANG_WARN_CONSTANT_CONVERSION = YES;
				CLANG_WARN_DEPRECATED_OBJC_IMPLEMENTATIONS = YES;
				CLANG_WARN_DIRECT_OBJC_ISA_USAGE = YES_ERROR;
				CLANG_WARN_DOCUMENTATION_COMMENTS = YES;
				CLANG_WARN_EMPTY_BODY = YES;
				CLANG_WARN_ENUM_CONVERSION = YES;
				CLANG_WARN_INFINITE_RECURSION = YES;
				CLANG_WARN_INT_CONVERSION = YES;
				CLANG_WARN_NON_LITERAL_NULL_CONVERSION = YES;
				CLANG_WARN_OBJC_IMPLICIT_RETAIN_SELF = YES;
				CLANG_WARN_OBJC_LITERAL_CONVERSION = YES;
				CLANG_WARN_OBJC_ROOT_CLASS = YES_ERROR;
				CLANG_WARN_RANGE_LOOP_ANALYSIS = YES;
				CLANG_WARN_STRICT_PROTOTYPES = YES;
				CLANG_WARN_SUSPICIOUS_MOVE = YES;
				CLANG_WARN_UNGUARDED_AVAILABILITY = YES_AGGRESSIVE;
				CLANG_WARN_UNREACHABLE_CODE = YES;
				CLANG_WARN__DUPLICATE_METHOD_MATCH = YES;
				CODE_SIGN_IDENTITY = "iPhone Developer";
				COPY_PHASE_STRIP = NO;
				DEBUG_INFORMATION_FORMAT = dwarf;
				ENABLE_STRICT_OBJC_MSGSEND = YES;
				ENABLE_TESTABILITY = YES;
				GCC_C_LANGUAGE_STANDARD = gnu11;
				GCC_DYNAMIC_NO_PIC = NO;
				GCC_NO_COMMON_BLOCKS = YES;
				GCC_OPTIMIZATION_LEVEL = 0;
				GCC_PREPROCESSOR_DEFINITIONS = (
					"DEBUG=1",
					"$(inherited)",
				);
				GCC_WARN_64_TO_32_BIT_CONVERSION = YES;
				GCC_WARN_ABOUT_RETURN_TYPE = YES_ERROR;
				GCC_WARN_UNDECLARED_SELECTOR = YES;
				GCC_WARN_UNINITIALIZED_AUTOS = YES_AGGRESSIVE;
				GCC_WARN_UNUSED_FUNCTION = YES;
				GCC_WARN_UNUSED_VARIABLE = YES;
				IPHONEOS_DEPLOYMENT_TARGET = 12.2;
				MTL_ENABLE_DEBUG_INFO = INCLUDE_SOURCE;
				MTL_FAST_MATH = YES;
				ONLY_ACTIVE_ARCH = YES;
				SDKROOT = iphoneos;
				SWIFT_ACTIVE_COMPILATION_CONDITIONS = DEBUG;
				SWIFT_OPTIMIZATION_LEVEL = "-Onone";
			};
			name = Debug;
		};
		05C5B2B822C91CB0008BEF3D /* Release */ = {
			isa = XCBuildConfiguration;
			buildSettings = {
				ALWAYS_SEARCH_USER_PATHS = NO;
				CLANG_ANALYZER_NONNULL = YES;
				CLANG_ANALYZER_NUMBER_OBJECT_CONVERSION = YES_AGGRESSIVE;
				CLANG_CXX_LANGUAGE_STANDARD = "gnu++14";
				CLANG_CXX_LIBRARY = "libc++";
				CLANG_ENABLE_MODULES = YES;
				CLANG_ENABLE_OBJC_ARC = YES;
				CLANG_ENABLE_OBJC_WEAK = YES;
				CLANG_WARN_BLOCK_CAPTURE_AUTORELEASING = YES;
				CLANG_WARN_BOOL_CONVERSION = YES;
				CLANG_WARN_COMMA = YES;
				CLANG_WARN_CONSTANT_CONVERSION = YES;
				CLANG_WARN_DEPRECATED_OBJC_IMPLEMENTATIONS = YES;
				CLANG_WARN_DIRECT_OBJC_ISA_USAGE = YES_ERROR;
				CLANG_WARN_DOCUMENTATION_COMMENTS = YES;
				CLANG_WARN_EMPTY_BODY = YES;
				CLANG_WARN_ENUM_CONVERSION = YES;
				CLANG_WARN_INFINITE_RECURSION = YES;
				CLANG_WARN_INT_CONVERSION = YES;
				CLANG_WARN_NON_LITERAL_NULL_CONVERSION = YES;
				CLANG_WARN_OBJC_IMPLICIT_RETAIN_SELF = YES;
				CLANG_WARN_OBJC_LITERAL_CONVERSION = YES;
				CLANG_WARN_OBJC_ROOT_CLASS = YES_ERROR;
				CLANG_WARN_RANGE_LOOP_ANALYSIS = YES;
				CLANG_WARN_STRICT_PROTOTYPES = YES;
				CLANG_WARN_SUSPICIOUS_MOVE = YES;
				CLANG_WARN_UNGUARDED_AVAILABILITY = YES_AGGRESSIVE;
				CLANG_WARN_UNREACHABLE_CODE = YES;
				CLANG_WARN__DUPLICATE_METHOD_MATCH = YES;
				CODE_SIGN_IDENTITY = "iPhone Developer";
				COPY_PHASE_STRIP = NO;
				DEBUG_INFORMATION_FORMAT = "dwarf-with-dsym";
				ENABLE_NS_ASSERTIONS = NO;
				ENABLE_STRICT_OBJC_MSGSEND = YES;
				GCC_C_LANGUAGE_STANDARD = gnu11;
				GCC_NO_COMMON_BLOCKS = YES;
				GCC_WARN_64_TO_32_BIT_CONVERSION = YES;
				GCC_WARN_ABOUT_RETURN_TYPE = YES_ERROR;
				GCC_WARN_UNDECLARED_SELECTOR = YES;
				GCC_WARN_UNINITIALIZED_AUTOS = YES_AGGRESSIVE;
				GCC_WARN_UNUSED_FUNCTION = YES;
				GCC_WARN_UNUSED_VARIABLE = YES;
				IPHONEOS_DEPLOYMENT_TARGET = 12.2;
				MTL_ENABLE_DEBUG_INFO = NO;
				MTL_FAST_MATH = YES;
				SDKROOT = iphoneos;
				SWIFT_COMPILATION_MODE = wholemodule;
				SWIFT_OPTIMIZATION_LEVEL = "-O";
				VALIDATE_PRODUCT = YES;
			};
			name = Release;
		};
		05C5B2BA22C91CB0008BEF3D /* Debug */ = {
			isa = XCBuildConfiguration;
			buildSettings = {
				ASSETCATALOG_COMPILER_APPICON_NAME = AppIcon;
				CODE_SIGN_STYLE = Automatic;
				DEVELOPMENT_TEAM = J349HN2J4J;
				INFOPLIST_FILE = LFHH/Info.plist;
				LD_RUNPATH_SEARCH_PATHS = (
					"$(inherited)",
					"@executable_path/Frameworks",
				);
				PRODUCT_BUNDLE_IDENTIFIER = com.viktorgordienko.LFHH;
				PRODUCT_NAME = "$(TARGET_NAME)";
				SWIFT_VERSION = 5.0;
				TARGETED_DEVICE_FAMILY = "1,2";
			};
			name = Debug;
		};
		05C5B2BB22C91CB0008BEF3D /* Release */ = {
			isa = XCBuildConfiguration;
			buildSettings = {
				ASSETCATALOG_COMPILER_APPICON_NAME = AppIcon;
				CODE_SIGN_STYLE = Automatic;
				DEVELOPMENT_TEAM = J349HN2J4J;
				INFOPLIST_FILE = LFHH/Info.plist;
				LD_RUNPATH_SEARCH_PATHS = (
					"$(inherited)",
					"@executable_path/Frameworks",
				);
				PRODUCT_BUNDLE_IDENTIFIER = com.viktorgordienko.LFHH;
				PRODUCT_NAME = "$(TARGET_NAME)";
				SWIFT_VERSION = 5.0;
				TARGETED_DEVICE_FAMILY = "1,2";
			};
			name = Release;
		};
/* End XCBuildConfiguration section */

/* Begin XCConfigurationList section */
		05C5B2A222C91CAF008BEF3D /* Build configuration list for PBXProject "LFHH" */ = {
			isa = XCConfigurationList;
			buildConfigurations = (
				05C5B2B722C91CB0008BEF3D /* Debug */,
				05C5B2B822C91CB0008BEF3D /* Release */,
			);
			defaultConfigurationIsVisible = 0;
			defaultConfigurationName = Release;
		};
		05C5B2B922C91CB0008BEF3D /* Build configuration list for PBXNativeTarget "LFHH" */ = {
			isa = XCConfigurationList;
			buildConfigurations = (
				05C5B2BA22C91CB0008BEF3D /* Debug */,
				05C5B2BB22C91CB0008BEF3D /* Release */,
			);
			defaultConfigurationIsVisible = 0;
			defaultConfigurationName = Release;
		};
/* End XCConfigurationList section */
	};
	rootObject = 05C5B29F22C91CAF008BEF3D /* Project object */;
}
